
Microsoft Visual Studio Solution File, Format Version 12.00
# Visual Studio Version 17
VisualStudioVersion = 17.11.35208.52
MinimumVisualStudioVersion = 10.0.40219.1
Project("{FAE04EC0-301F-11D3-BF4B-00C04F79EFBC}") = "Variables_01", "Variables_01\Variables_01.csproj", "{6D9A345E-3E64-41CA-921A-02AC1509B4DE}"
EndProject
Project("{FAE04EC0-301F-11D3-BF4B-00C04F79EFBC}") = "Variables_02", "Variables_02\Variables_02.csproj", "{C694E4B9-3A1A-4BBA-BF00-666FDD0EFCB4}"
EndProject
Global
	GlobalSection(SolutionConfigurationPlatforms) = preSolution
		Debug|Any CPU = Debug|Any CPU
		Release|Any CPU = Release|Any CPU
	EndGlobalSection
	GlobalSection(ProjectConfigurationPlatforms) = postSolution
		{6D9A345E-3E64-41CA-921A-02AC1509B4DE}.Debug|Any CPU.ActiveCfg = Debug|Any CPU
		{6D9A345E-3E64-41CA-921A-02AC1509B4DE}.Debug|Any CPU.Build.0 = Debug|Any CPU
		{6D9A345E-3E64-41CA-921A-02AC1509B4DE}.Release|Any CPU.ActiveCfg = Release|Any CPU
		{6D9A345E-3E64-41CA-921A-02AC1509B4DE}.Release|Any CPU.Build.0 = Release|Any CPU
		{C694E4B9-3A1A-4BBA-BF00-666FDD0EFCB4}.Debug|Any CPU.ActiveCfg = Debug|Any CPU
		{C694E4B9-3A1A-4BBA-BF00-666FDD0EFCB4}.Debug|Any CPU.Build.0 = Debug|Any CPU
		{C694E4B9-3A1A-4BBA-BF00-666FDD0EFCB4}.Release|Any CPU.ActiveCfg = Release|Any CPU
		{C694E4B9-3A1A-4BBA-BF00-666FDD0EFCB4}.Release|Any CPU.Build.0 = Release|Any CPU
	EndGlobalSection
	GlobalSection(SolutionProperties) = preSolution
		HideSolutionNode = FALSE
	EndGlobalSection
	GlobalSection(ExtensibilityGlobals) = postSolution
		SolutionGuid = {FC6FBB16-5B19-49AC-9349-B6080B2B5787}
	EndGlobalSection
EndGlobal
