
Microsoft Visual Studio Solution File, Format Version 12.00
# Visual Studio Version 17
VisualStudioVersion = 17.11.35303.130
MinimumVisualStudioVersion = 10.0.40219.1
Project("{9A19103F-16F7-4668-BE54-9A1E7A4F7556}") = "01 Skapa en klass för fordon", "01 Skapa en klass för fordon\01 Skapa en klass för fordon.csproj", "{C6D572C1-D2EE-4F0D-BEE8-F35772AE6B3C}"
EndProject
Project("{9A19103F-16F7-4668-BE54-9A1E7A4F7556}") = "02 Lägg till override för ToString", "02 Lägg till override för ToString\02 Lägg till override för ToString.csproj", "{9834C7F2-E3B6-48D9-ADDD-83596A4FA3C9}"
EndProject
Project("{9A19103F-16F7-4668-BE54-9A1E7A4F7556}") = "03 Skapa en subklass för bilar", "03 Skapa en subklass för bilar\03 Skapa en subklass för bilar.csproj", "{276C84B0-BFA1-435A-B78F-A61E068F96D8}"
EndProject
Project("{9A19103F-16F7-4668-BE54-9A1E7A4F7556}") = "04 Skapa en struct för längd bredd höjd", "04 Skapa en struct för längd bredd höjd\04 Skapa en struct för längd bredd höjd.csproj", "{4C548F73-73F5-4F19-82C0-FFDFF9A3B402}"
EndProject
Project("{9A19103F-16F7-4668-BE54-9A1E7A4F7556}") = "05 Initiera i Vehicle skriv ut i Car", "05 Initiera i Vehicle skriv ut i Car\05 Initiera i Vehicle skriv ut i Car.csproj", "{1BB72B13-0690-4F95-8871-93EC1504865C}"
EndProject
Project("{9A19103F-16F7-4668-BE54-9A1E7A4F7556}") = "06 Circle som ärver från Shape", "06 Circle som ärver från Shape\06 Circle som ärver från Shape.csproj", "{80093513-27BB-437E-9037-C64F288EDB4B}"
EndProject
Project("{FAE04EC0-301F-11D3-BF4B-00C04F79EFBC}") = "07 Square ärver från Shape", "07 Square ärver från Shape\07 Square ärver från Shape.csproj", "{50584E26-AFBF-4EC0-8032-C772C328591F}"
EndProject
Project("{FAE04EC0-301F-11D3-BF4B-00C04F79EFBC}") = "08 Lägg till Print metod i Shape", "08 Lägg till Print metod i Shape\08 Lägg till Print metod i Shape.csproj", "{62E6DE13-3270-43E4-90B8-E4EFA2E3E2EC}"
EndProject
Project("{FAE04EC0-301F-11D3-BF4B-00C04F79EFBC}") = "09 Array av cirklar och kvadrater", "09 Array av cirklar och kvadrater\09 Array av cirklar och kvadrater.csproj", "{C62D9AF2-9520-4AFA-BF34-1AEDB22D6644}"
EndProject
Global
	GlobalSection(SolutionConfigurationPlatforms) = preSolution
		Debug|Any CPU = Debug|Any CPU
		Release|Any CPU = Release|Any CPU
	EndGlobalSection
	GlobalSection(ProjectConfigurationPlatforms) = postSolution
		{C6D572C1-D2EE-4F0D-BEE8-F35772AE6B3C}.Debug|Any CPU.ActiveCfg = Debug|Any CPU
		{C6D572C1-D2EE-4F0D-BEE8-F35772AE6B3C}.Debug|Any CPU.Build.0 = Debug|Any CPU
		{C6D572C1-D2EE-4F0D-BEE8-F35772AE6B3C}.Release|Any CPU.ActiveCfg = Release|Any CPU
		{C6D572C1-D2EE-4F0D-BEE8-F35772AE6B3C}.Release|Any CPU.Build.0 = Release|Any CPU
		{9834C7F2-E3B6-48D9-ADDD-83596A4FA3C9}.Debug|Any CPU.ActiveCfg = Debug|Any CPU
		{9834C7F2-E3B6-48D9-ADDD-83596A4FA3C9}.Debug|Any CPU.Build.0 = Debug|Any CPU
		{9834C7F2-E3B6-48D9-ADDD-83596A4FA3C9}.Release|Any CPU.ActiveCfg = Release|Any CPU
		{9834C7F2-E3B6-48D9-ADDD-83596A4FA3C9}.Release|Any CPU.Build.0 = Release|Any CPU
		{276C84B0-BFA1-435A-B78F-A61E068F96D8}.Debug|Any CPU.ActiveCfg = Debug|Any CPU
		{276C84B0-BFA1-435A-B78F-A61E068F96D8}.Debug|Any CPU.Build.0 = Debug|Any CPU
		{276C84B0-BFA1-435A-B78F-A61E068F96D8}.Release|Any CPU.ActiveCfg = Release|Any CPU
		{276C84B0-BFA1-435A-B78F-A61E068F96D8}.Release|Any CPU.Build.0 = Release|Any CPU
		{4C548F73-73F5-4F19-82C0-FFDFF9A3B402}.Debug|Any CPU.ActiveCfg = Debug|Any CPU
		{4C548F73-73F5-4F19-82C0-FFDFF9A3B402}.Debug|Any CPU.Build.0 = Debug|Any CPU
		{4C548F73-73F5-4F19-82C0-FFDFF9A3B402}.Release|Any CPU.ActiveCfg = Release|Any CPU
		{4C548F73-73F5-4F19-82C0-FFDFF9A3B402}.Release|Any CPU.Build.0 = Release|Any CPU
		{1BB72B13-0690-4F95-8871-93EC1504865C}.Debug|Any CPU.ActiveCfg = Debug|Any CPU
		{1BB72B13-0690-4F95-8871-93EC1504865C}.Debug|Any CPU.Build.0 = Debug|Any CPU
		{1BB72B13-0690-4F95-8871-93EC1504865C}.Release|Any CPU.ActiveCfg = Release|Any CPU
		{1BB72B13-0690-4F95-8871-93EC1504865C}.Release|Any CPU.Build.0 = Release|Any CPU
		{80093513-27BB-437E-9037-C64F288EDB4B}.Debug|Any CPU.ActiveCfg = Debug|Any CPU
		{80093513-27BB-437E-9037-C64F288EDB4B}.Debug|Any CPU.Build.0 = Debug|Any CPU
		{80093513-27BB-437E-9037-C64F288EDB4B}.Release|Any CPU.ActiveCfg = Release|Any CPU
		{80093513-27BB-437E-9037-C64F288EDB4B}.Release|Any CPU.Build.0 = Release|Any CPU
		{50584E26-AFBF-4EC0-8032-C772C328591F}.Debug|Any CPU.ActiveCfg = Debug|Any CPU
		{50584E26-AFBF-4EC0-8032-C772C328591F}.Debug|Any CPU.Build.0 = Debug|Any CPU
		{50584E26-AFBF-4EC0-8032-C772C328591F}.Release|Any CPU.ActiveCfg = Release|Any CPU
		{50584E26-AFBF-4EC0-8032-C772C328591F}.Release|Any CPU.Build.0 = Release|Any CPU
		{62E6DE13-3270-43E4-90B8-E4EFA2E3E2EC}.Debug|Any CPU.ActiveCfg = Debug|Any CPU
		{62E6DE13-3270-43E4-90B8-E4EFA2E3E2EC}.Debug|Any CPU.Build.0 = Debug|Any CPU
		{62E6DE13-3270-43E4-90B8-E4EFA2E3E2EC}.Release|Any CPU.ActiveCfg = Release|Any CPU
		{62E6DE13-3270-43E4-90B8-E4EFA2E3E2EC}.Release|Any CPU.Build.0 = Release|Any CPU
		{C62D9AF2-9520-4AFA-BF34-1AEDB22D6644}.Debug|Any CPU.ActiveCfg = Debug|Any CPU
		{C62D9AF2-9520-4AFA-BF34-1AEDB22D6644}.Debug|Any CPU.Build.0 = Debug|Any CPU
		{C62D9AF2-9520-4AFA-BF34-1AEDB22D6644}.Release|Any CPU.ActiveCfg = Release|Any CPU
		{C62D9AF2-9520-4AFA-BF34-1AEDB22D6644}.Release|Any CPU.Build.0 = Release|Any CPU
	EndGlobalSection
	GlobalSection(SolutionProperties) = preSolution
		HideSolutionNode = FALSE
	EndGlobalSection
	GlobalSection(ExtensibilityGlobals) = postSolution
		SolutionGuid = {F3658208-9854-42F6-AAD2-C0D5DC7A54D7}
	EndGlobalSection
EndGlobal
