
Microsoft Visual Studio Solution File, Format Version 12.00
# Visual Studio Version 17
VisualStudioVersion = 17.11.35303.130
MinimumVisualStudioVersion = 10.0.40219.1
Project("{FAE04EC0-301F-11D3-BF4B-00C04F79EFBC}") = "01 Skapa en klass för fordon", "01 Skapa en klass för fordon\01 Skapa en klass för fordon.csproj", "{C6D572C1-D2EE-4F0D-BEE8-F35772AE6B3C}"
EndProject
Project("{FAE04EC0-301F-11D3-BF4B-00C04F79EFBC}") = "02 Lägg till override för ToString", "02 Lägg till override för ToString\02 Lägg till override för ToString.csproj", "{9834C7F2-E3B6-48D9-ADDD-83596A4FA3C9}"
EndProject
Project("{FAE04EC0-301F-11D3-BF4B-00C04F79EFBC}") = "03 Skapa en subklass för bilar", "03 Skapa en subklass för bilar\03 Skapa en subklass för bilar.csproj", "{276C84B0-BFA1-435A-B78F-A61E068F96D8}"
EndProject
Global
	GlobalSection(SolutionConfigurationPlatforms) = preSolution
		Debug|Any CPU = Debug|Any CPU
		Release|Any CPU = Release|Any CPU
	EndGlobalSection
	GlobalSection(ProjectConfigurationPlatforms) = postSolution
		{C6D572C1-D2EE-4F0D-BEE8-F35772AE6B3C}.Debug|Any CPU.ActiveCfg = Debug|Any CPU
		{C6D572C1-D2EE-4F0D-BEE8-F35772AE6B3C}.Debug|Any CPU.Build.0 = Debug|Any CPU
		{C6D572C1-D2EE-4F0D-BEE8-F35772AE6B3C}.Release|Any CPU.ActiveCfg = Release|Any CPU
		{C6D572C1-D2EE-4F0D-BEE8-F35772AE6B3C}.Release|Any CPU.Build.0 = Release|Any CPU
		{9834C7F2-E3B6-48D9-ADDD-83596A4FA3C9}.Debug|Any CPU.ActiveCfg = Debug|Any CPU
		{9834C7F2-E3B6-48D9-ADDD-83596A4FA3C9}.Debug|Any CPU.Build.0 = Debug|Any CPU
		{9834C7F2-E3B6-48D9-ADDD-83596A4FA3C9}.Release|Any CPU.ActiveCfg = Release|Any CPU
		{9834C7F2-E3B6-48D9-ADDD-83596A4FA3C9}.Release|Any CPU.Build.0 = Release|Any CPU
		{276C84B0-BFA1-435A-B78F-A61E068F96D8}.Debug|Any CPU.ActiveCfg = Debug|Any CPU
		{276C84B0-BFA1-435A-B78F-A61E068F96D8}.Debug|Any CPU.Build.0 = Debug|Any CPU
		{276C84B0-BFA1-435A-B78F-A61E068F96D8}.Release|Any CPU.ActiveCfg = Release|Any CPU
		{276C84B0-BFA1-435A-B78F-A61E068F96D8}.Release|Any CPU.Build.0 = Release|Any CPU
	EndGlobalSection
	GlobalSection(SolutionProperties) = preSolution
		HideSolutionNode = FALSE
	EndGlobalSection
	GlobalSection(ExtensibilityGlobals) = postSolution
		SolutionGuid = {F3658208-9854-42F6-AAD2-C0D5DC7A54D7}
	EndGlobalSection
EndGlobal
