
Microsoft Visual Studio Solution File, Format Version 12.00
# Visual Studio Version 17
VisualStudioVersion = 17.11.35303.130
MinimumVisualStudioVersion = 10.0.40219.1
Project("{FAE04EC0-301F-11D3-BF4B-00C04F79EFBC}") = "01 Person med Prop FirstName", "01 Person med Prop FirstName\01 Person med Prop FirstName.csproj", "{B9415F25-C8D4-46AB-AAAE-338EC4EC4BE8}"
EndProject
Project("{FAE04EC0-301F-11D3-BF4B-00C04F79EFBC}") = "02 AutoProp LastName", "02 AutoProp LastName\02 AutoProp LastName.csproj", "{1FBCBF95-2282-41E9-AB27-D4E2267275C2}"
EndProject
Global
	GlobalSection(SolutionConfigurationPlatforms) = preSolution
		Debug|Any CPU = Debug|Any CPU
		Release|Any CPU = Release|Any CPU
	EndGlobalSection
	GlobalSection(ProjectConfigurationPlatforms) = postSolution
		{B9415F25-C8D4-46AB-AAAE-338EC4EC4BE8}.Debug|Any CPU.ActiveCfg = Debug|Any CPU
		{B9415F25-C8D4-46AB-AAAE-338EC4EC4BE8}.Debug|Any CPU.Build.0 = Debug|Any CPU
		{B9415F25-C8D4-46AB-AAAE-338EC4EC4BE8}.Release|Any CPU.ActiveCfg = Release|Any CPU
		{B9415F25-C8D4-46AB-AAAE-338EC4EC4BE8}.Release|Any CPU.Build.0 = Release|Any CPU
		{1FBCBF95-2282-41E9-AB27-D4E2267275C2}.Debug|Any CPU.ActiveCfg = Debug|Any CPU
		{1FBCBF95-2282-41E9-AB27-D4E2267275C2}.Debug|Any CPU.Build.0 = Debug|Any CPU
		{1FBCBF95-2282-41E9-AB27-D4E2267275C2}.Release|Any CPU.ActiveCfg = Release|Any CPU
		{1FBCBF95-2282-41E9-AB27-D4E2267275C2}.Release|Any CPU.Build.0 = Release|Any CPU
	EndGlobalSection
	GlobalSection(SolutionProperties) = preSolution
		HideSolutionNode = FALSE
	EndGlobalSection
	GlobalSection(ExtensibilityGlobals) = postSolution
		SolutionGuid = {E07A915A-69EC-46D4-BA59-134FC590B7FF}
	EndGlobalSection
EndGlobal
