
Microsoft Visual Studio Solution File, Format Version 12.00
# Visual Studio Version 17
VisualStudioVersion = 17.11.35303.130
MinimumVisualStudioVersion = 10.0.40219.1
Project("{FAE04EC0-301F-11D3-BF4B-00C04F79EFBC}") = "01 Deklarera egen delegat", "01 Deklarera egen delegat\01 Deklarera egen delegat.csproj", "{72988F2A-040D-42E0-863A-54C2FCE245EE}"
EndProject
Project("{FAE04EC0-301F-11D3-BF4B-00C04F79EFBC}") = "02 Använd generiskt delegat", "02 Använd generiskt delegat\02 Använd generiskt delegat.csproj", "{302EC920-2015-4146-B550-17BEBEDCCD96}"
EndProject
Project("{FAE04EC0-301F-11D3-BF4B-00C04F79EFBC}") = "03 Metod med delegat som inparameter", "03 Metod med delegat som inparameter\03 Metod med delegat som inparameter.csproj", "{AA622AB8-021A-475F-8F26-527BE8F19CF3}"
EndProject
Project("{FAE04EC0-301F-11D3-BF4B-00C04F79EFBC}") = "04 Summan av två värden", "04 Summan av två värden\04 Summan av två värden.csproj", "{A49D848D-7715-4965-92B2-DF64DAF7178E}"
EndProject
Project("{FAE04EC0-301F-11D3-BF4B-00C04F79EFBC}") = "05 Returnera summa", "05 Returnera summa\05 Returnera summa.csproj", "{E99717E4-BEDC-47D0-8A6A-64284390326C}"
EndProject
Global
	GlobalSection(SolutionConfigurationPlatforms) = preSolution
		Debug|Any CPU = Debug|Any CPU
		Release|Any CPU = Release|Any CPU
	EndGlobalSection
	GlobalSection(ProjectConfigurationPlatforms) = postSolution
		{72988F2A-040D-42E0-863A-54C2FCE245EE}.Debug|Any CPU.ActiveCfg = Debug|Any CPU
		{72988F2A-040D-42E0-863A-54C2FCE245EE}.Debug|Any CPU.Build.0 = Debug|Any CPU
		{72988F2A-040D-42E0-863A-54C2FCE245EE}.Release|Any CPU.ActiveCfg = Release|Any CPU
		{72988F2A-040D-42E0-863A-54C2FCE245EE}.Release|Any CPU.Build.0 = Release|Any CPU
		{302EC920-2015-4146-B550-17BEBEDCCD96}.Debug|Any CPU.ActiveCfg = Debug|Any CPU
		{302EC920-2015-4146-B550-17BEBEDCCD96}.Debug|Any CPU.Build.0 = Debug|Any CPU
		{302EC920-2015-4146-B550-17BEBEDCCD96}.Release|Any CPU.ActiveCfg = Release|Any CPU
		{302EC920-2015-4146-B550-17BEBEDCCD96}.Release|Any CPU.Build.0 = Release|Any CPU
		{AA622AB8-021A-475F-8F26-527BE8F19CF3}.Debug|Any CPU.ActiveCfg = Debug|Any CPU
		{AA622AB8-021A-475F-8F26-527BE8F19CF3}.Debug|Any CPU.Build.0 = Debug|Any CPU
		{AA622AB8-021A-475F-8F26-527BE8F19CF3}.Release|Any CPU.ActiveCfg = Release|Any CPU
		{AA622AB8-021A-475F-8F26-527BE8F19CF3}.Release|Any CPU.Build.0 = Release|Any CPU
		{A49D848D-7715-4965-92B2-DF64DAF7178E}.Debug|Any CPU.ActiveCfg = Debug|Any CPU
		{A49D848D-7715-4965-92B2-DF64DAF7178E}.Debug|Any CPU.Build.0 = Debug|Any CPU
		{A49D848D-7715-4965-92B2-DF64DAF7178E}.Release|Any CPU.ActiveCfg = Release|Any CPU
		{A49D848D-7715-4965-92B2-DF64DAF7178E}.Release|Any CPU.Build.0 = Release|Any CPU
		{E99717E4-BEDC-47D0-8A6A-64284390326C}.Debug|Any CPU.ActiveCfg = Debug|Any CPU
		{E99717E4-BEDC-47D0-8A6A-64284390326C}.Debug|Any CPU.Build.0 = Debug|Any CPU
		{E99717E4-BEDC-47D0-8A6A-64284390326C}.Release|Any CPU.ActiveCfg = Release|Any CPU
		{E99717E4-BEDC-47D0-8A6A-64284390326C}.Release|Any CPU.Build.0 = Release|Any CPU
	EndGlobalSection
	GlobalSection(SolutionProperties) = preSolution
		HideSolutionNode = FALSE
	EndGlobalSection
	GlobalSection(ExtensibilityGlobals) = postSolution
		SolutionGuid = {7D05A2A5-FFBD-400A-89F7-8A1F8B2D27D7}
	EndGlobalSection
EndGlobal
