
Microsoft Visual Studio Solution File, Format Version 12.00
# Visual Studio Version 17
VisualStudioVersion = 17.11.35222.181
MinimumVisualStudioVersion = 10.0.40219.1
Project("{9A19103F-16F7-4668-BE54-9A1E7A4F7556}") = "01 En bokstav på varje rad", "01 En bokstav på varje rad\01 En bokstav på varje rad.csproj", "{EA94870B-FD33-4AC9-A746-F7FCFB07F2E5}"
EndProject
Project("{9A19103F-16F7-4668-BE54-9A1E7A4F7556}") = "02 Siffror till text", "02 Siffror till text\02 Siffror till text.csproj", "{45B362E5-0DFE-48D9-B8A7-DDDCD1C2D301}"
EndProject
Project("{9A19103F-16F7-4668-BE54-9A1E7A4F7556}") = "03 Baklänges", "03 Baklänges\03 Baklänges.csproj", "{799D9358-ACE3-4A01-B482-5DB28E84BE00}"
EndProject
Project("{9A19103F-16F7-4668-BE54-9A1E7A4F7556}") = "04 Dölj vokaler", "04 Dölj vokaler\04 Dölj vokaler.csproj", "{997B1F9C-A44B-4D89-8474-47E117C03FDD}"
EndProject
Project("{9A19103F-16F7-4668-BE54-9A1E7A4F7556}") = "05 Palindrom", "05 Palindrom\05 Palindrom.csproj", "{623CF051-5A5D-450D-9857-5D43363A2FEE}"
EndProject
Project("{9A19103F-16F7-4668-BE54-9A1E7A4F7556}") = "06 Miniräknare", "06 Miniräknare\06 Miniräknare.csproj", "{6ED2050F-9FAC-423D-9F83-0589EAB1E23C}"
EndProject
Project("{FAE04EC0-301F-11D3-BF4B-00C04F79EFBC}") = "07 Omvänd ordning", "07 Omvänd ordning\07 Omvänd ordning.csproj", "{1E5EF32B-2483-4DFA-BBA3-C9AD5F8F45D0}"
EndProject
Project("{FAE04EC0-301F-11D3-BF4B-00C04F79EFBC}") = "08 Fördröjd utskrift", "08 Fördröjd utskrift\08 Fördröjd utskrift.csproj", "{1EC03A92-B1AB-427C-8570-289F899EAA7F}"
EndProject
Global
	GlobalSection(SolutionConfigurationPlatforms) = preSolution
		Debug|Any CPU = Debug|Any CPU
		Release|Any CPU = Release|Any CPU
	EndGlobalSection
	GlobalSection(ProjectConfigurationPlatforms) = postSolution
		{EA94870B-FD33-4AC9-A746-F7FCFB07F2E5}.Debug|Any CPU.ActiveCfg = Debug|Any CPU
		{EA94870B-FD33-4AC9-A746-F7FCFB07F2E5}.Debug|Any CPU.Build.0 = Debug|Any CPU
		{EA94870B-FD33-4AC9-A746-F7FCFB07F2E5}.Release|Any CPU.ActiveCfg = Release|Any CPU
		{EA94870B-FD33-4AC9-A746-F7FCFB07F2E5}.Release|Any CPU.Build.0 = Release|Any CPU
		{45B362E5-0DFE-48D9-B8A7-DDDCD1C2D301}.Debug|Any CPU.ActiveCfg = Debug|Any CPU
		{45B362E5-0DFE-48D9-B8A7-DDDCD1C2D301}.Debug|Any CPU.Build.0 = Debug|Any CPU
		{45B362E5-0DFE-48D9-B8A7-DDDCD1C2D301}.Release|Any CPU.ActiveCfg = Release|Any CPU
		{45B362E5-0DFE-48D9-B8A7-DDDCD1C2D301}.Release|Any CPU.Build.0 = Release|Any CPU
		{799D9358-ACE3-4A01-B482-5DB28E84BE00}.Debug|Any CPU.ActiveCfg = Debug|Any CPU
		{799D9358-ACE3-4A01-B482-5DB28E84BE00}.Debug|Any CPU.Build.0 = Debug|Any CPU
		{799D9358-ACE3-4A01-B482-5DB28E84BE00}.Release|Any CPU.ActiveCfg = Release|Any CPU
		{799D9358-ACE3-4A01-B482-5DB28E84BE00}.Release|Any CPU.Build.0 = Release|Any CPU
		{997B1F9C-A44B-4D89-8474-47E117C03FDD}.Debug|Any CPU.ActiveCfg = Debug|Any CPU
		{997B1F9C-A44B-4D89-8474-47E117C03FDD}.Debug|Any CPU.Build.0 = Debug|Any CPU
		{997B1F9C-A44B-4D89-8474-47E117C03FDD}.Release|Any CPU.ActiveCfg = Release|Any CPU
		{997B1F9C-A44B-4D89-8474-47E117C03FDD}.Release|Any CPU.Build.0 = Release|Any CPU
		{623CF051-5A5D-450D-9857-5D43363A2FEE}.Debug|Any CPU.ActiveCfg = Debug|Any CPU
		{623CF051-5A5D-450D-9857-5D43363A2FEE}.Debug|Any CPU.Build.0 = Debug|Any CPU
		{623CF051-5A5D-450D-9857-5D43363A2FEE}.Release|Any CPU.ActiveCfg = Release|Any CPU
		{623CF051-5A5D-450D-9857-5D43363A2FEE}.Release|Any CPU.Build.0 = Release|Any CPU
		{6ED2050F-9FAC-423D-9F83-0589EAB1E23C}.Debug|Any CPU.ActiveCfg = Debug|Any CPU
		{6ED2050F-9FAC-423D-9F83-0589EAB1E23C}.Debug|Any CPU.Build.0 = Debug|Any CPU
		{6ED2050F-9FAC-423D-9F83-0589EAB1E23C}.Release|Any CPU.ActiveCfg = Release|Any CPU
		{6ED2050F-9FAC-423D-9F83-0589EAB1E23C}.Release|Any CPU.Build.0 = Release|Any CPU
		{1E5EF32B-2483-4DFA-BBA3-C9AD5F8F45D0}.Debug|Any CPU.ActiveCfg = Debug|Any CPU
		{1E5EF32B-2483-4DFA-BBA3-C9AD5F8F45D0}.Debug|Any CPU.Build.0 = Debug|Any CPU
		{1E5EF32B-2483-4DFA-BBA3-C9AD5F8F45D0}.Release|Any CPU.ActiveCfg = Release|Any CPU
		{1E5EF32B-2483-4DFA-BBA3-C9AD5F8F45D0}.Release|Any CPU.Build.0 = Release|Any CPU
		{1EC03A92-B1AB-427C-8570-289F899EAA7F}.Debug|Any CPU.ActiveCfg = Debug|Any CPU
		{1EC03A92-B1AB-427C-8570-289F899EAA7F}.Debug|Any CPU.Build.0 = Debug|Any CPU
		{1EC03A92-B1AB-427C-8570-289F899EAA7F}.Release|Any CPU.ActiveCfg = Release|Any CPU
		{1EC03A92-B1AB-427C-8570-289F899EAA7F}.Release|Any CPU.Build.0 = Release|Any CPU
	EndGlobalSection
	GlobalSection(SolutionProperties) = preSolution
		HideSolutionNode = FALSE
	EndGlobalSection
	GlobalSection(ExtensibilityGlobals) = postSolution
		SolutionGuid = {06F0220C-C005-474B-844D-E9231776C50B}
	EndGlobalSection
EndGlobal
