
Microsoft Visual Studio Solution File, Format Version 12.00
# Visual Studio Version 17
VisualStudioVersion = 17.11.35303.130
MinimumVisualStudioVersion = 10.0.40219.1
Project("{FAE04EC0-301F-11D3-BF4B-00C04F79EFBC}") = "01 Slå ihop namn", "01 Slå ihop namn\01 Slå ihop namn.csproj", "{7E79B448-0497-4DF0-BC6C-8CCDE46DFB20}"
EndProject
Project("{FAE04EC0-301F-11D3-BF4B-00C04F79EFBC}") = "06 Egen version av String.Join", "06 Egen version av String.Join\06 Egen version av String.Join.csproj", "{82278722-156B-4AB2-AC85-0BB97DF857A4}"
EndProject
Project("{FAE04EC0-301F-11D3-BF4B-00C04F79EFBC}") = "02 Slå ihop namn och returnera", "02 Slå ihop namn och returnera\02 Slå ihop namn och returnera.csproj", "{3A4DC646-A6EC-478F-B191-BCB6FDBF4847}"
EndProject
Project("{FAE04EC0-301F-11D3-BF4B-00C04F79EFBC}") = "03 Kontrollera sträng längd", "03 Kontrollera sträng längd\03 Kontrollera sträng längd.csproj", "{44E2E544-A673-46B8-8220-2B21FBCC44DB}"
EndProject
Project("{FAE04EC0-301F-11D3-BF4B-00C04F79EFBC}") = "04 Omvandla C till F", "04 Omvandla C till F\04 Omvandla C till F.csproj", "{2397227B-E5D9-4C82-B369-675A207DA65B}"
EndProject
Project("{FAE04EC0-301F-11D3-BF4B-00C04F79EFBC}") = "05 Bindesträck i sträng", "05 Bindesträck i sträng\05 Bindesträck i sträng.csproj", "{3CC5D49E-83B4-412A-B425-118D89D57EB4}"
EndProject
Project("{FAE04EC0-301F-11D3-BF4B-00C04F79EFBC}") = "07 Medelvärde Int Array", "07 Medelvärde Int Array\07 Medelvärde Int Array.csproj", "{074F2C01-4076-45F3-BCB6-1C4DC7843128}"
EndProject
Project("{FAE04EC0-301F-11D3-BF4B-00C04F79EFBC}") = "08 Siffror till text", "08 Siffror till text\08 Siffror till text.csproj", "{44E9467A-A2F4-4D3F-8CB7-31D45295B9F6}"
EndProject
Project("{FAE04EC0-301F-11D3-BF4B-00C04F79EFBC}") = "09 Heltal till text", "09 Heltal till text\09 Heltal till text.csproj", "{4124B766-9FB4-49D0-AA0B-CCB839A995B0}"
EndProject
Project("{FAE04EC0-301F-11D3-BF4B-00C04F79EFBC}") = "10 Hitta index", "10 Hitta index\10 Hitta index.csproj", "{54070C16-A830-47EF-ACE0-69C5D6069364}"
EndProject
Global
	GlobalSection(SolutionConfigurationPlatforms) = preSolution
		Debug|Any CPU = Debug|Any CPU
		Release|Any CPU = Release|Any CPU
	EndGlobalSection
	GlobalSection(ProjectConfigurationPlatforms) = postSolution
		{7E79B448-0497-4DF0-BC6C-8CCDE46DFB20}.Debug|Any CPU.ActiveCfg = Debug|Any CPU
		{7E79B448-0497-4DF0-BC6C-8CCDE46DFB20}.Debug|Any CPU.Build.0 = Debug|Any CPU
		{7E79B448-0497-4DF0-BC6C-8CCDE46DFB20}.Release|Any CPU.ActiveCfg = Release|Any CPU
		{7E79B448-0497-4DF0-BC6C-8CCDE46DFB20}.Release|Any CPU.Build.0 = Release|Any CPU
		{82278722-156B-4AB2-AC85-0BB97DF857A4}.Debug|Any CPU.ActiveCfg = Debug|Any CPU
		{82278722-156B-4AB2-AC85-0BB97DF857A4}.Debug|Any CPU.Build.0 = Debug|Any CPU
		{82278722-156B-4AB2-AC85-0BB97DF857A4}.Release|Any CPU.ActiveCfg = Release|Any CPU
		{82278722-156B-4AB2-AC85-0BB97DF857A4}.Release|Any CPU.Build.0 = Release|Any CPU
		{3A4DC646-A6EC-478F-B191-BCB6FDBF4847}.Debug|Any CPU.ActiveCfg = Debug|Any CPU
		{3A4DC646-A6EC-478F-B191-BCB6FDBF4847}.Debug|Any CPU.Build.0 = Debug|Any CPU
		{3A4DC646-A6EC-478F-B191-BCB6FDBF4847}.Release|Any CPU.ActiveCfg = Release|Any CPU
		{3A4DC646-A6EC-478F-B191-BCB6FDBF4847}.Release|Any CPU.Build.0 = Release|Any CPU
		{44E2E544-A673-46B8-8220-2B21FBCC44DB}.Debug|Any CPU.ActiveCfg = Debug|Any CPU
		{44E2E544-A673-46B8-8220-2B21FBCC44DB}.Debug|Any CPU.Build.0 = Debug|Any CPU
		{44E2E544-A673-46B8-8220-2B21FBCC44DB}.Release|Any CPU.ActiveCfg = Release|Any CPU
		{44E2E544-A673-46B8-8220-2B21FBCC44DB}.Release|Any CPU.Build.0 = Release|Any CPU
		{2397227B-E5D9-4C82-B369-675A207DA65B}.Debug|Any CPU.ActiveCfg = Debug|Any CPU
		{2397227B-E5D9-4C82-B369-675A207DA65B}.Debug|Any CPU.Build.0 = Debug|Any CPU
		{2397227B-E5D9-4C82-B369-675A207DA65B}.Release|Any CPU.ActiveCfg = Release|Any CPU
		{2397227B-E5D9-4C82-B369-675A207DA65B}.Release|Any CPU.Build.0 = Release|Any CPU
		{3CC5D49E-83B4-412A-B425-118D89D57EB4}.Debug|Any CPU.ActiveCfg = Debug|Any CPU
		{3CC5D49E-83B4-412A-B425-118D89D57EB4}.Debug|Any CPU.Build.0 = Debug|Any CPU
		{3CC5D49E-83B4-412A-B425-118D89D57EB4}.Release|Any CPU.ActiveCfg = Release|Any CPU
		{3CC5D49E-83B4-412A-B425-118D89D57EB4}.Release|Any CPU.Build.0 = Release|Any CPU
		{074F2C01-4076-45F3-BCB6-1C4DC7843128}.Debug|Any CPU.ActiveCfg = Debug|Any CPU
		{074F2C01-4076-45F3-BCB6-1C4DC7843128}.Debug|Any CPU.Build.0 = Debug|Any CPU
		{074F2C01-4076-45F3-BCB6-1C4DC7843128}.Release|Any CPU.ActiveCfg = Release|Any CPU
		{074F2C01-4076-45F3-BCB6-1C4DC7843128}.Release|Any CPU.Build.0 = Release|Any CPU
		{44E9467A-A2F4-4D3F-8CB7-31D45295B9F6}.Debug|Any CPU.ActiveCfg = Debug|Any CPU
		{44E9467A-A2F4-4D3F-8CB7-31D45295B9F6}.Debug|Any CPU.Build.0 = Debug|Any CPU
		{44E9467A-A2F4-4D3F-8CB7-31D45295B9F6}.Release|Any CPU.ActiveCfg = Release|Any CPU
		{44E9467A-A2F4-4D3F-8CB7-31D45295B9F6}.Release|Any CPU.Build.0 = Release|Any CPU
		{4124B766-9FB4-49D0-AA0B-CCB839A995B0}.Debug|Any CPU.ActiveCfg = Debug|Any CPU
		{4124B766-9FB4-49D0-AA0B-CCB839A995B0}.Debug|Any CPU.Build.0 = Debug|Any CPU
		{4124B766-9FB4-49D0-AA0B-CCB839A995B0}.Release|Any CPU.ActiveCfg = Release|Any CPU
		{4124B766-9FB4-49D0-AA0B-CCB839A995B0}.Release|Any CPU.Build.0 = Release|Any CPU
		{54070C16-A830-47EF-ACE0-69C5D6069364}.Debug|Any CPU.ActiveCfg = Debug|Any CPU
		{54070C16-A830-47EF-ACE0-69C5D6069364}.Debug|Any CPU.Build.0 = Debug|Any CPU
		{54070C16-A830-47EF-ACE0-69C5D6069364}.Release|Any CPU.ActiveCfg = Release|Any CPU
		{54070C16-A830-47EF-ACE0-69C5D6069364}.Release|Any CPU.Build.0 = Release|Any CPU
	EndGlobalSection
	GlobalSection(SolutionProperties) = preSolution
		HideSolutionNode = FALSE
	EndGlobalSection
	GlobalSection(ExtensibilityGlobals) = postSolution
		SolutionGuid = {D30232DA-5622-4DB3-95B4-67EB368FE59D}
	EndGlobalSection
EndGlobal
