
Microsoft Visual Studio Solution File, Format Version 12.00
# Visual Studio Version 17
VisualStudioVersion = 17.11.35222.181
MinimumVisualStudioVersion = 10.0.40219.1
Project("{9A19103F-16F7-4668-BE54-9A1E7A4F7556}") = "01 Skriv talen 20 till 30", "Loops_01\01 Skriv talen 20 till 30.csproj", "{49813190-CCC4-4927-8FAF-F1A71D437AC6}"
EndProject
Project("{9A19103F-16F7-4668-BE54-9A1E7A4F7556}") = "02 Jämna tal", "Loops_02\02 Jämna tal.csproj", "{4E7CB677-C22F-4106-97EA-CBBEFAF45C61}"
EndProject
Project("{9A19103F-16F7-4668-BE54-9A1E7A4F7556}") = "03 Var tredje Hej", "Loops_03\03 Var tredje Hej.csproj", "{816003E3-4F0D-41E4-8ABA-819A8B2710C3}"
EndProject
Project("{9A19103F-16F7-4668-BE54-9A1E7A4F7556}") = "04 Gångertabell", "Loops_04\04 Gångertabell.csproj", "{24F098C1-F257-4B16-B173-F7DA4E2C6DD6}"
EndProject
Project("{9A19103F-16F7-4668-BE54-9A1E7A4F7556}") = "05 Summa", "Loops_05\05 Summa.csproj", "{3B7CC8F2-7AF1-4162-B132-14BEBA681BFE}"
EndProject
Project("{9A19103F-16F7-4668-BE54-9A1E7A4F7556}") = "06 Riskorn på shackbräde", "Loops_06\06 Riskorn på shackbräde.csproj", "{0162BB7E-AB48-4F2A-A1B5-C12BB78D4C9C}"
EndProject
Project("{9A19103F-16F7-4668-BE54-9A1E7A4F7556}") = "07 Fylld box", "Loops_07\07 Fylld box.csproj", "{E673CC54-8B1C-4AE9-849B-98A4B42D730D}"
EndProject
Project("{9A19103F-16F7-4668-BE54-9A1E7A4F7556}") = "08 Randig box", "Loops_08\08 Randig box.csproj", "{66E21D94-4DE4-4113-A071-AC776E72F326}"
EndProject
Project("{9A19103F-16F7-4668-BE54-9A1E7A4F7556}") = "09 Rutig box", "Loops_09\09 Rutig box.csproj", "{865A0F7F-49CA-478B-B8AB-4F8DFB6DCFB9}"
EndProject
Project("{9A19103F-16F7-4668-BE54-9A1E7A4F7556}") = "Loops_10", "Loops_10\Loops_10.csproj", "{DE8D6193-FE0B-485C-B88C-EC0C4DC4902A}"
EndProject
Project("{9A19103F-16F7-4668-BE54-9A1E7A4F7556}") = "Loops_11", "Loops_11\Loops_11.csproj", "{89FED898-3F84-436F-BD2B-93D857658510}"
EndProject
Project("{9A19103F-16F7-4668-BE54-9A1E7A4F7556}") = "Loops_12", "Loops_12\Loops_12.csproj", "{B4DEF8CC-CE7E-4E23-9AE4-0F5BD36C3426}"
EndProject
Global
	GlobalSection(SolutionConfigurationPlatforms) = preSolution
		Debug|Any CPU = Debug|Any CPU
		Release|Any CPU = Release|Any CPU
	EndGlobalSection
	GlobalSection(ProjectConfigurationPlatforms) = postSolution
		{49813190-CCC4-4927-8FAF-F1A71D437AC6}.Debug|Any CPU.ActiveCfg = Debug|Any CPU
		{49813190-CCC4-4927-8FAF-F1A71D437AC6}.Debug|Any CPU.Build.0 = Debug|Any CPU
		{49813190-CCC4-4927-8FAF-F1A71D437AC6}.Release|Any CPU.ActiveCfg = Release|Any CPU
		{49813190-CCC4-4927-8FAF-F1A71D437AC6}.Release|Any CPU.Build.0 = Release|Any CPU
		{4E7CB677-C22F-4106-97EA-CBBEFAF45C61}.Debug|Any CPU.ActiveCfg = Debug|Any CPU
		{4E7CB677-C22F-4106-97EA-CBBEFAF45C61}.Debug|Any CPU.Build.0 = Debug|Any CPU
		{4E7CB677-C22F-4106-97EA-CBBEFAF45C61}.Release|Any CPU.ActiveCfg = Release|Any CPU
		{4E7CB677-C22F-4106-97EA-CBBEFAF45C61}.Release|Any CPU.Build.0 = Release|Any CPU
		{816003E3-4F0D-41E4-8ABA-819A8B2710C3}.Debug|Any CPU.ActiveCfg = Debug|Any CPU
		{816003E3-4F0D-41E4-8ABA-819A8B2710C3}.Debug|Any CPU.Build.0 = Debug|Any CPU
		{816003E3-4F0D-41E4-8ABA-819A8B2710C3}.Release|Any CPU.ActiveCfg = Release|Any CPU
		{816003E3-4F0D-41E4-8ABA-819A8B2710C3}.Release|Any CPU.Build.0 = Release|Any CPU
		{24F098C1-F257-4B16-B173-F7DA4E2C6DD6}.Debug|Any CPU.ActiveCfg = Debug|Any CPU
		{24F098C1-F257-4B16-B173-F7DA4E2C6DD6}.Debug|Any CPU.Build.0 = Debug|Any CPU
		{24F098C1-F257-4B16-B173-F7DA4E2C6DD6}.Release|Any CPU.ActiveCfg = Release|Any CPU
		{24F098C1-F257-4B16-B173-F7DA4E2C6DD6}.Release|Any CPU.Build.0 = Release|Any CPU
		{3B7CC8F2-7AF1-4162-B132-14BEBA681BFE}.Debug|Any CPU.ActiveCfg = Debug|Any CPU
		{3B7CC8F2-7AF1-4162-B132-14BEBA681BFE}.Debug|Any CPU.Build.0 = Debug|Any CPU
		{3B7CC8F2-7AF1-4162-B132-14BEBA681BFE}.Release|Any CPU.ActiveCfg = Release|Any CPU
		{3B7CC8F2-7AF1-4162-B132-14BEBA681BFE}.Release|Any CPU.Build.0 = Release|Any CPU
		{0162BB7E-AB48-4F2A-A1B5-C12BB78D4C9C}.Debug|Any CPU.ActiveCfg = Debug|Any CPU
		{0162BB7E-AB48-4F2A-A1B5-C12BB78D4C9C}.Debug|Any CPU.Build.0 = Debug|Any CPU
		{0162BB7E-AB48-4F2A-A1B5-C12BB78D4C9C}.Release|Any CPU.ActiveCfg = Release|Any CPU
		{0162BB7E-AB48-4F2A-A1B5-C12BB78D4C9C}.Release|Any CPU.Build.0 = Release|Any CPU
		{E673CC54-8B1C-4AE9-849B-98A4B42D730D}.Debug|Any CPU.ActiveCfg = Debug|Any CPU
		{E673CC54-8B1C-4AE9-849B-98A4B42D730D}.Debug|Any CPU.Build.0 = Debug|Any CPU
		{E673CC54-8B1C-4AE9-849B-98A4B42D730D}.Release|Any CPU.ActiveCfg = Release|Any CPU
		{E673CC54-8B1C-4AE9-849B-98A4B42D730D}.Release|Any CPU.Build.0 = Release|Any CPU
		{66E21D94-4DE4-4113-A071-AC776E72F326}.Debug|Any CPU.ActiveCfg = Debug|Any CPU
		{66E21D94-4DE4-4113-A071-AC776E72F326}.Debug|Any CPU.Build.0 = Debug|Any CPU
		{66E21D94-4DE4-4113-A071-AC776E72F326}.Release|Any CPU.ActiveCfg = Release|Any CPU
		{66E21D94-4DE4-4113-A071-AC776E72F326}.Release|Any CPU.Build.0 = Release|Any CPU
		{865A0F7F-49CA-478B-B8AB-4F8DFB6DCFB9}.Debug|Any CPU.ActiveCfg = Debug|Any CPU
		{865A0F7F-49CA-478B-B8AB-4F8DFB6DCFB9}.Debug|Any CPU.Build.0 = Debug|Any CPU
		{865A0F7F-49CA-478B-B8AB-4F8DFB6DCFB9}.Release|Any CPU.ActiveCfg = Release|Any CPU
		{865A0F7F-49CA-478B-B8AB-4F8DFB6DCFB9}.Release|Any CPU.Build.0 = Release|Any CPU
		{DE8D6193-FE0B-485C-B88C-EC0C4DC4902A}.Debug|Any CPU.ActiveCfg = Debug|Any CPU
		{DE8D6193-FE0B-485C-B88C-EC0C4DC4902A}.Debug|Any CPU.Build.0 = Debug|Any CPU
		{DE8D6193-FE0B-485C-B88C-EC0C4DC4902A}.Release|Any CPU.ActiveCfg = Release|Any CPU
		{DE8D6193-FE0B-485C-B88C-EC0C4DC4902A}.Release|Any CPU.Build.0 = Release|Any CPU
		{89FED898-3F84-436F-BD2B-93D857658510}.Debug|Any CPU.ActiveCfg = Debug|Any CPU
		{89FED898-3F84-436F-BD2B-93D857658510}.Debug|Any CPU.Build.0 = Debug|Any CPU
		{89FED898-3F84-436F-BD2B-93D857658510}.Release|Any CPU.ActiveCfg = Release|Any CPU
		{89FED898-3F84-436F-BD2B-93D857658510}.Release|Any CPU.Build.0 = Release|Any CPU
		{B4DEF8CC-CE7E-4E23-9AE4-0F5BD36C3426}.Debug|Any CPU.ActiveCfg = Debug|Any CPU
		{B4DEF8CC-CE7E-4E23-9AE4-0F5BD36C3426}.Debug|Any CPU.Build.0 = Debug|Any CPU
		{B4DEF8CC-CE7E-4E23-9AE4-0F5BD36C3426}.Release|Any CPU.ActiveCfg = Release|Any CPU
		{B4DEF8CC-CE7E-4E23-9AE4-0F5BD36C3426}.Release|Any CPU.Build.0 = Release|Any CPU
	EndGlobalSection
	GlobalSection(SolutionProperties) = preSolution
		HideSolutionNode = FALSE
	EndGlobalSection
	GlobalSection(ExtensibilityGlobals) = postSolution
		SolutionGuid = {FFBE16DE-FD04-4B49-94AB-109A6B59F7D3}
	EndGlobalSection
EndGlobal
