
Microsoft Visual Studio Solution File, Format Version 12.00
# Visual Studio Version 17
VisualStudioVersion = 17.11.35222.181
MinimumVisualStudioVersion = 10.0.40219.1
Project("{9A19103F-16F7-4668-BE54-9A1E7A4F7556}") = "Loops_01", "Loops_01\Loops_01.csproj", "{49813190-CCC4-4927-8FAF-F1A71D437AC6}"
EndProject
Project("{9A19103F-16F7-4668-BE54-9A1E7A4F7556}") = "Loops_02", "Loops_02\Loops_02.csproj", "{4E7CB677-C22F-4106-97EA-CBBEFAF45C61}"
EndProject
Project("{9A19103F-16F7-4668-BE54-9A1E7A4F7556}") = "Loops_03", "Loops_03\Loops_03.csproj", "{816003E3-4F0D-41E4-8ABA-819A8B2710C3}"
EndProject
Project("{9A19103F-16F7-4668-BE54-9A1E7A4F7556}") = "Loops_04", "Loops_04\Loops_04.csproj", "{24F098C1-F257-4B16-B173-F7DA4E2C6DD6}"
EndProject
Project("{9A19103F-16F7-4668-BE54-9A1E7A4F7556}") = "Loops_05", "Loops_05\Loops_05.csproj", "{3B7CC8F2-7AF1-4162-B132-14BEBA681BFE}"
EndProject
Project("{9A19103F-16F7-4668-BE54-9A1E7A4F7556}") = "Loops_06", "Loops_06\Loops_06.csproj", "{0162BB7E-AB48-4F2A-A1B5-C12BB78D4C9C}"
EndProject
Project("{9A19103F-16F7-4668-BE54-9A1E7A4F7556}") = "Loops_07", "Loops_07\Loops_07.csproj", "{E673CC54-8B1C-4AE9-849B-98A4B42D730D}"
EndProject
Project("{FAE04EC0-301F-11D3-BF4B-00C04F79EFBC}") = "Loops_08", "Loops_08\Loops_08.csproj", "{66E21D94-4DE4-4113-A071-AC776E72F326}"
EndProject
Project("{FAE04EC0-301F-11D3-BF4B-00C04F79EFBC}") = "Loops_09", "Loops_09\Loops_09.csproj", "{865A0F7F-49CA-478B-B8AB-4F8DFB6DCFB9}"
EndProject
Project("{FAE04EC0-301F-11D3-BF4B-00C04F79EFBC}") = "Loops_10", "Loops_10\Loops_10.csproj", "{DE8D6193-FE0B-485C-B88C-EC0C4DC4902A}"
EndProject
Global
	GlobalSection(SolutionConfigurationPlatforms) = preSolution
		Debug|Any CPU = Debug|Any CPU
		Release|Any CPU = Release|Any CPU
	EndGlobalSection
	GlobalSection(ProjectConfigurationPlatforms) = postSolution
		{49813190-CCC4-4927-8FAF-F1A71D437AC6}.Debug|Any CPU.ActiveCfg = Debug|Any CPU
		{49813190-CCC4-4927-8FAF-F1A71D437AC6}.Debug|Any CPU.Build.0 = Debug|Any CPU
		{49813190-CCC4-4927-8FAF-F1A71D437AC6}.Release|Any CPU.ActiveCfg = Release|Any CPU
		{49813190-CCC4-4927-8FAF-F1A71D437AC6}.Release|Any CPU.Build.0 = Release|Any CPU
		{4E7CB677-C22F-4106-97EA-CBBEFAF45C61}.Debug|Any CPU.ActiveCfg = Debug|Any CPU
		{4E7CB677-C22F-4106-97EA-CBBEFAF45C61}.Debug|Any CPU.Build.0 = Debug|Any CPU
		{4E7CB677-C22F-4106-97EA-CBBEFAF45C61}.Release|Any CPU.ActiveCfg = Release|Any CPU
		{4E7CB677-C22F-4106-97EA-CBBEFAF45C61}.Release|Any CPU.Build.0 = Release|Any CPU
		{816003E3-4F0D-41E4-8ABA-819A8B2710C3}.Debug|Any CPU.ActiveCfg = Debug|Any CPU
		{816003E3-4F0D-41E4-8ABA-819A8B2710C3}.Debug|Any CPU.Build.0 = Debug|Any CPU
		{816003E3-4F0D-41E4-8ABA-819A8B2710C3}.Release|Any CPU.ActiveCfg = Release|Any CPU
		{816003E3-4F0D-41E4-8ABA-819A8B2710C3}.Release|Any CPU.Build.0 = Release|Any CPU
		{24F098C1-F257-4B16-B173-F7DA4E2C6DD6}.Debug|Any CPU.ActiveCfg = Debug|Any CPU
		{24F098C1-F257-4B16-B173-F7DA4E2C6DD6}.Debug|Any CPU.Build.0 = Debug|Any CPU
		{24F098C1-F257-4B16-B173-F7DA4E2C6DD6}.Release|Any CPU.ActiveCfg = Release|Any CPU
		{24F098C1-F257-4B16-B173-F7DA4E2C6DD6}.Release|Any CPU.Build.0 = Release|Any CPU
		{3B7CC8F2-7AF1-4162-B132-14BEBA681BFE}.Debug|Any CPU.ActiveCfg = Debug|Any CPU
		{3B7CC8F2-7AF1-4162-B132-14BEBA681BFE}.Debug|Any CPU.Build.0 = Debug|Any CPU
		{3B7CC8F2-7AF1-4162-B132-14BEBA681BFE}.Release|Any CPU.ActiveCfg = Release|Any CPU
		{3B7CC8F2-7AF1-4162-B132-14BEBA681BFE}.Release|Any CPU.Build.0 = Release|Any CPU
		{0162BB7E-AB48-4F2A-A1B5-C12BB78D4C9C}.Debug|Any CPU.ActiveCfg = Debug|Any CPU
		{0162BB7E-AB48-4F2A-A1B5-C12BB78D4C9C}.Debug|Any CPU.Build.0 = Debug|Any CPU
		{0162BB7E-AB48-4F2A-A1B5-C12BB78D4C9C}.Release|Any CPU.ActiveCfg = Release|Any CPU
		{0162BB7E-AB48-4F2A-A1B5-C12BB78D4C9C}.Release|Any CPU.Build.0 = Release|Any CPU
		{E673CC54-8B1C-4AE9-849B-98A4B42D730D}.Debug|Any CPU.ActiveCfg = Debug|Any CPU
		{E673CC54-8B1C-4AE9-849B-98A4B42D730D}.Debug|Any CPU.Build.0 = Debug|Any CPU
		{E673CC54-8B1C-4AE9-849B-98A4B42D730D}.Release|Any CPU.ActiveCfg = Release|Any CPU
		{E673CC54-8B1C-4AE9-849B-98A4B42D730D}.Release|Any CPU.Build.0 = Release|Any CPU
		{66E21D94-4DE4-4113-A071-AC776E72F326}.Debug|Any CPU.ActiveCfg = Debug|Any CPU
		{66E21D94-4DE4-4113-A071-AC776E72F326}.Debug|Any CPU.Build.0 = Debug|Any CPU
		{66E21D94-4DE4-4113-A071-AC776E72F326}.Release|Any CPU.ActiveCfg = Release|Any CPU
		{66E21D94-4DE4-4113-A071-AC776E72F326}.Release|Any CPU.Build.0 = Release|Any CPU
		{865A0F7F-49CA-478B-B8AB-4F8DFB6DCFB9}.Debug|Any CPU.ActiveCfg = Debug|Any CPU
		{865A0F7F-49CA-478B-B8AB-4F8DFB6DCFB9}.Debug|Any CPU.Build.0 = Debug|Any CPU
		{865A0F7F-49CA-478B-B8AB-4F8DFB6DCFB9}.Release|Any CPU.ActiveCfg = Release|Any CPU
		{865A0F7F-49CA-478B-B8AB-4F8DFB6DCFB9}.Release|Any CPU.Build.0 = Release|Any CPU
		{DE8D6193-FE0B-485C-B88C-EC0C4DC4902A}.Debug|Any CPU.ActiveCfg = Debug|Any CPU
		{DE8D6193-FE0B-485C-B88C-EC0C4DC4902A}.Debug|Any CPU.Build.0 = Debug|Any CPU
		{DE8D6193-FE0B-485C-B88C-EC0C4DC4902A}.Release|Any CPU.ActiveCfg = Release|Any CPU
		{DE8D6193-FE0B-485C-B88C-EC0C4DC4902A}.Release|Any CPU.Build.0 = Release|Any CPU
	EndGlobalSection
	GlobalSection(SolutionProperties) = preSolution
		HideSolutionNode = FALSE
	EndGlobalSection
	GlobalSection(ExtensibilityGlobals) = postSolution
		SolutionGuid = {FFBE16DE-FD04-4B49-94AB-109A6B59F7D3}
	EndGlobalSection
EndGlobal
