
Microsoft Visual Studio Solution File, Format Version 12.00
# Visual Studio Version 17
VisualStudioVersion = 17.11.35222.181
MinimumVisualStudioVersion = 10.0.40219.1
Project("{9A19103F-16F7-4668-BE54-9A1E7A4F7556}") = "05", "05\05.csproj", "{83F8FAB6-4547-49C1-ADCD-0ACC4B42123E}"
EndProject
Project("{9A19103F-16F7-4668-BE54-9A1E7A4F7556}") = "01", "01\01.csproj", "{1354F05E-A10B-47C3-9DB6-9E865C8F23C5}"
EndProject
Project("{9A19103F-16F7-4668-BE54-9A1E7A4F7556}") = "02", "02\02.csproj", "{C3488788-CBC3-4C57-81F4-4994E96182F5}"
EndProject
Project("{9A19103F-16F7-4668-BE54-9A1E7A4F7556}") = "03", "03\03.csproj", "{FDCE9F00-F66A-4E61-84B1-B8D7C4929842}"
EndProject
Project("{9A19103F-16F7-4668-BE54-9A1E7A4F7556}") = "04", "04\04.csproj", "{6A8EFE86-4560-4EC2-9E09-DA62E9D268FE}"
EndProject
Project("{9A19103F-16F7-4668-BE54-9A1E7A4F7556}") = "06", "06\06.csproj", "{2B9DEB2B-32BC-427A-AEEC-9CE8A16147AD}"
EndProject
Project("{FAE04EC0-301F-11D3-BF4B-00C04F79EFBC}") = "07", "07\07.csproj", "{93C8E66B-DA8E-4616-8E48-EFD56DF3BCEF}"
EndProject
Project("{FAE04EC0-301F-11D3-BF4B-00C04F79EFBC}") = "08", "08\08.csproj", "{1E88E5CC-F308-4FB5-AE88-DB2AA6A157BE}"
EndProject
Project("{FAE04EC0-301F-11D3-BF4B-00C04F79EFBC}") = "09", "09\09.csproj", "{43D7C735-3FCC-4805-9522-BA92BA81B67E}"
EndProject
Project("{FAE04EC0-301F-11D3-BF4B-00C04F79EFBC}") = "10", "10\10.csproj", "{2A7332A8-2316-412E-BF9A-07DCB00235CE}"
EndProject
Project("{FAE04EC0-301F-11D3-BF4B-00C04F79EFBC}") = "11", "11\11.csproj", "{72E73031-8F4F-45DB-9F2D-CABFBC9630FB}"
EndProject
Project("{FAE04EC0-301F-11D3-BF4B-00C04F79EFBC}") = "12", "12\12.csproj", "{A4D0B59F-9960-4779-AD45-B7C4340243BF}"
EndProject
Global
	GlobalSection(SolutionConfigurationPlatforms) = preSolution
		Debug|Any CPU = Debug|Any CPU
		Release|Any CPU = Release|Any CPU
	EndGlobalSection
	GlobalSection(ProjectConfigurationPlatforms) = postSolution
		{83F8FAB6-4547-49C1-ADCD-0ACC4B42123E}.Debug|Any CPU.ActiveCfg = Debug|Any CPU
		{83F8FAB6-4547-49C1-ADCD-0ACC4B42123E}.Debug|Any CPU.Build.0 = Debug|Any CPU
		{83F8FAB6-4547-49C1-ADCD-0ACC4B42123E}.Release|Any CPU.ActiveCfg = Release|Any CPU
		{83F8FAB6-4547-49C1-ADCD-0ACC4B42123E}.Release|Any CPU.Build.0 = Release|Any CPU
		{1354F05E-A10B-47C3-9DB6-9E865C8F23C5}.Debug|Any CPU.ActiveCfg = Debug|Any CPU
		{1354F05E-A10B-47C3-9DB6-9E865C8F23C5}.Debug|Any CPU.Build.0 = Debug|Any CPU
		{1354F05E-A10B-47C3-9DB6-9E865C8F23C5}.Release|Any CPU.ActiveCfg = Release|Any CPU
		{1354F05E-A10B-47C3-9DB6-9E865C8F23C5}.Release|Any CPU.Build.0 = Release|Any CPU
		{C3488788-CBC3-4C57-81F4-4994E96182F5}.Debug|Any CPU.ActiveCfg = Debug|Any CPU
		{C3488788-CBC3-4C57-81F4-4994E96182F5}.Debug|Any CPU.Build.0 = Debug|Any CPU
		{C3488788-CBC3-4C57-81F4-4994E96182F5}.Release|Any CPU.ActiveCfg = Release|Any CPU
		{C3488788-CBC3-4C57-81F4-4994E96182F5}.Release|Any CPU.Build.0 = Release|Any CPU
		{FDCE9F00-F66A-4E61-84B1-B8D7C4929842}.Debug|Any CPU.ActiveCfg = Debug|Any CPU
		{FDCE9F00-F66A-4E61-84B1-B8D7C4929842}.Debug|Any CPU.Build.0 = Debug|Any CPU
		{FDCE9F00-F66A-4E61-84B1-B8D7C4929842}.Release|Any CPU.ActiveCfg = Release|Any CPU
		{FDCE9F00-F66A-4E61-84B1-B8D7C4929842}.Release|Any CPU.Build.0 = Release|Any CPU
		{6A8EFE86-4560-4EC2-9E09-DA62E9D268FE}.Debug|Any CPU.ActiveCfg = Debug|Any CPU
		{6A8EFE86-4560-4EC2-9E09-DA62E9D268FE}.Debug|Any CPU.Build.0 = Debug|Any CPU
		{6A8EFE86-4560-4EC2-9E09-DA62E9D268FE}.Release|Any CPU.ActiveCfg = Release|Any CPU
		{6A8EFE86-4560-4EC2-9E09-DA62E9D268FE}.Release|Any CPU.Build.0 = Release|Any CPU
		{2B9DEB2B-32BC-427A-AEEC-9CE8A16147AD}.Debug|Any CPU.ActiveCfg = Debug|Any CPU
		{2B9DEB2B-32BC-427A-AEEC-9CE8A16147AD}.Debug|Any CPU.Build.0 = Debug|Any CPU
		{2B9DEB2B-32BC-427A-AEEC-9CE8A16147AD}.Release|Any CPU.ActiveCfg = Release|Any CPU
		{2B9DEB2B-32BC-427A-AEEC-9CE8A16147AD}.Release|Any CPU.Build.0 = Release|Any CPU
		{93C8E66B-DA8E-4616-8E48-EFD56DF3BCEF}.Debug|Any CPU.ActiveCfg = Debug|Any CPU
		{93C8E66B-DA8E-4616-8E48-EFD56DF3BCEF}.Debug|Any CPU.Build.0 = Debug|Any CPU
		{93C8E66B-DA8E-4616-8E48-EFD56DF3BCEF}.Release|Any CPU.ActiveCfg = Release|Any CPU
		{93C8E66B-DA8E-4616-8E48-EFD56DF3BCEF}.Release|Any CPU.Build.0 = Release|Any CPU
		{1E88E5CC-F308-4FB5-AE88-DB2AA6A157BE}.Debug|Any CPU.ActiveCfg = Debug|Any CPU
		{1E88E5CC-F308-4FB5-AE88-DB2AA6A157BE}.Debug|Any CPU.Build.0 = Debug|Any CPU
		{1E88E5CC-F308-4FB5-AE88-DB2AA6A157BE}.Release|Any CPU.ActiveCfg = Release|Any CPU
		{1E88E5CC-F308-4FB5-AE88-DB2AA6A157BE}.Release|Any CPU.Build.0 = Release|Any CPU
		{43D7C735-3FCC-4805-9522-BA92BA81B67E}.Debug|Any CPU.ActiveCfg = Debug|Any CPU
		{43D7C735-3FCC-4805-9522-BA92BA81B67E}.Debug|Any CPU.Build.0 = Debug|Any CPU
		{43D7C735-3FCC-4805-9522-BA92BA81B67E}.Release|Any CPU.ActiveCfg = Release|Any CPU
		{43D7C735-3FCC-4805-9522-BA92BA81B67E}.Release|Any CPU.Build.0 = Release|Any CPU
		{2A7332A8-2316-412E-BF9A-07DCB00235CE}.Debug|Any CPU.ActiveCfg = Debug|Any CPU
		{2A7332A8-2316-412E-BF9A-07DCB00235CE}.Debug|Any CPU.Build.0 = Debug|Any CPU
		{2A7332A8-2316-412E-BF9A-07DCB00235CE}.Release|Any CPU.ActiveCfg = Release|Any CPU
		{2A7332A8-2316-412E-BF9A-07DCB00235CE}.Release|Any CPU.Build.0 = Release|Any CPU
		{72E73031-8F4F-45DB-9F2D-CABFBC9630FB}.Debug|Any CPU.ActiveCfg = Debug|Any CPU
		{72E73031-8F4F-45DB-9F2D-CABFBC9630FB}.Debug|Any CPU.Build.0 = Debug|Any CPU
		{72E73031-8F4F-45DB-9F2D-CABFBC9630FB}.Release|Any CPU.ActiveCfg = Release|Any CPU
		{72E73031-8F4F-45DB-9F2D-CABFBC9630FB}.Release|Any CPU.Build.0 = Release|Any CPU
		{A4D0B59F-9960-4779-AD45-B7C4340243BF}.Debug|Any CPU.ActiveCfg = Debug|Any CPU
		{A4D0B59F-9960-4779-AD45-B7C4340243BF}.Debug|Any CPU.Build.0 = Debug|Any CPU
		{A4D0B59F-9960-4779-AD45-B7C4340243BF}.Release|Any CPU.ActiveCfg = Release|Any CPU
		{A4D0B59F-9960-4779-AD45-B7C4340243BF}.Release|Any CPU.Build.0 = Release|Any CPU
	EndGlobalSection
	GlobalSection(SolutionProperties) = preSolution
		HideSolutionNode = FALSE
	EndGlobalSection
	GlobalSection(ExtensibilityGlobals) = postSolution
		SolutionGuid = {97C553C6-3A47-4D02-AD4E-894A0A2F1E27}
	EndGlobalSection
EndGlobal
