
Microsoft Visual Studio Solution File, Format Version 12.00
# Visual Studio Version 17
VisualStudioVersion = 17.11.35303.130
MinimumVisualStudioVersion = 10.0.40219.1
Project("{FAE04EC0-301F-11D3-BF4B-00C04F79EFBC}") = "01 Meddelande vid uppstart", "01 Meddelande vid uppstart\01 Meddelande vid uppstart.csproj", "{876EDF3C-2377-48EB-A90C-AF5B12D4D6A8}"
EndProject
Project("{FAE04EC0-301F-11D3-BF4B-00C04F79EFBC}") = "02 Fråga vid avslut", "02 Fråga vid avslut\02 Fråga vid avslut.csproj", "{FA60F907-3873-4971-B92D-E2A0B4B9AD39}"
EndProject
Global
	GlobalSection(SolutionConfigurationPlatforms) = preSolution
		Debug|Any CPU = Debug|Any CPU
		Release|Any CPU = Release|Any CPU
	EndGlobalSection
	GlobalSection(ProjectConfigurationPlatforms) = postSolution
		{876EDF3C-2377-48EB-A90C-AF5B12D4D6A8}.Debug|Any CPU.ActiveCfg = Debug|Any CPU
		{876EDF3C-2377-48EB-A90C-AF5B12D4D6A8}.Debug|Any CPU.Build.0 = Debug|Any CPU
		{876EDF3C-2377-48EB-A90C-AF5B12D4D6A8}.Release|Any CPU.ActiveCfg = Release|Any CPU
		{876EDF3C-2377-48EB-A90C-AF5B12D4D6A8}.Release|Any CPU.Build.0 = Release|Any CPU
		{FA60F907-3873-4971-B92D-E2A0B4B9AD39}.Debug|Any CPU.ActiveCfg = Debug|Any CPU
		{FA60F907-3873-4971-B92D-E2A0B4B9AD39}.Debug|Any CPU.Build.0 = Debug|Any CPU
		{FA60F907-3873-4971-B92D-E2A0B4B9AD39}.Release|Any CPU.ActiveCfg = Release|Any CPU
		{FA60F907-3873-4971-B92D-E2A0B4B9AD39}.Release|Any CPU.Build.0 = Release|Any CPU
	EndGlobalSection
	GlobalSection(SolutionProperties) = preSolution
		HideSolutionNode = FALSE
	EndGlobalSection
	GlobalSection(ExtensibilityGlobals) = postSolution
		SolutionGuid = {ED408573-2782-4669-8203-FBC22AD34128}
	EndGlobalSection
EndGlobal
