
Microsoft Visual Studio Solution File, Format Version 12.00
# Visual Studio Version 17
VisualStudioVersion = 17.11.35208.52
MinimumVisualStudioVersion = 10.0.40219.1
Project("{9A19103F-16F7-4668-BE54-9A1E7A4F7556}") = "01 Häsla på användaren", "01 Häsla på användaren\01 Häsla på användaren.csproj", "{6D9A345E-3E64-41CA-921A-02AC1509B4DE}"
EndProject
Project("{9A19103F-16F7-4668-BE54-9A1E7A4F7556}") = "02 Multiplicera två tal", "02 Multiplicera två tal\02 Multiplicera två tal.csproj", "{C694E4B9-3A1A-4BBA-BF00-666FDD0EFCB4}"
EndProject
Project("{9A19103F-16F7-4668-BE54-9A1E7A4F7556}") = "03 Verifiera lösenord", "03 Verifiera lösenord\03 Verifiera lösenord.csproj", "{6981E13F-41F6-4AC4-803D-F0BA4C48A3DA}"
EndProject
Project("{9A19103F-16F7-4668-BE54-9A1E7A4F7556}") = "04 Jämför tal", "04 Jämför tal\04 Jämför tal.csproj", "{46BC0F6D-EE54-434D-97C0-E5426914B57C}"
EndProject
Project("{9A19103F-16F7-4668-BE54-9A1E7A4F7556}") = "05 Dubblera och halvera tal", "05 Dubblera och halvera tal\05 Dubblera och halvera tal.csproj", "{F8C3DA06-8BE8-4175-AC79-B36E98247DAF}"
EndProject
Project("{9A19103F-16F7-4668-BE54-9A1E7A4F7556}") = "06 Miniräknare", "06 Miniräknare\06 Miniräknare.csproj", "{EB4BA4B5-22C0-4570-BBF3-B0657B6665C7}"
EndProject
Project("{9A19103F-16F7-4668-BE54-9A1E7A4F7556}") = "07 Summa och medelvärde", "07 Summa och medelvärde\07 Summa och medelvärde.csproj", "{C7122E43-71B5-44AC-8B55-97959C336D88}"
EndProject
Global
	GlobalSection(SolutionConfigurationPlatforms) = preSolution
		Debug|Any CPU = Debug|Any CPU
		Release|Any CPU = Release|Any CPU
	EndGlobalSection
	GlobalSection(ProjectConfigurationPlatforms) = postSolution
		{6D9A345E-3E64-41CA-921A-02AC1509B4DE}.Debug|Any CPU.ActiveCfg = Debug|Any CPU
		{6D9A345E-3E64-41CA-921A-02AC1509B4DE}.Debug|Any CPU.Build.0 = Debug|Any CPU
		{6D9A345E-3E64-41CA-921A-02AC1509B4DE}.Release|Any CPU.ActiveCfg = Release|Any CPU
		{6D9A345E-3E64-41CA-921A-02AC1509B4DE}.Release|Any CPU.Build.0 = Release|Any CPU
		{C694E4B9-3A1A-4BBA-BF00-666FDD0EFCB4}.Debug|Any CPU.ActiveCfg = Debug|Any CPU
		{C694E4B9-3A1A-4BBA-BF00-666FDD0EFCB4}.Debug|Any CPU.Build.0 = Debug|Any CPU
		{C694E4B9-3A1A-4BBA-BF00-666FDD0EFCB4}.Release|Any CPU.ActiveCfg = Release|Any CPU
		{C694E4B9-3A1A-4BBA-BF00-666FDD0EFCB4}.Release|Any CPU.Build.0 = Release|Any CPU
		{6981E13F-41F6-4AC4-803D-F0BA4C48A3DA}.Debug|Any CPU.ActiveCfg = Debug|Any CPU
		{6981E13F-41F6-4AC4-803D-F0BA4C48A3DA}.Debug|Any CPU.Build.0 = Debug|Any CPU
		{6981E13F-41F6-4AC4-803D-F0BA4C48A3DA}.Release|Any CPU.ActiveCfg = Release|Any CPU
		{6981E13F-41F6-4AC4-803D-F0BA4C48A3DA}.Release|Any CPU.Build.0 = Release|Any CPU
		{46BC0F6D-EE54-434D-97C0-E5426914B57C}.Debug|Any CPU.ActiveCfg = Debug|Any CPU
		{46BC0F6D-EE54-434D-97C0-E5426914B57C}.Debug|Any CPU.Build.0 = Debug|Any CPU
		{46BC0F6D-EE54-434D-97C0-E5426914B57C}.Release|Any CPU.ActiveCfg = Release|Any CPU
		{46BC0F6D-EE54-434D-97C0-E5426914B57C}.Release|Any CPU.Build.0 = Release|Any CPU
		{F8C3DA06-8BE8-4175-AC79-B36E98247DAF}.Debug|Any CPU.ActiveCfg = Debug|Any CPU
		{F8C3DA06-8BE8-4175-AC79-B36E98247DAF}.Debug|Any CPU.Build.0 = Debug|Any CPU
		{F8C3DA06-8BE8-4175-AC79-B36E98247DAF}.Release|Any CPU.ActiveCfg = Release|Any CPU
		{F8C3DA06-8BE8-4175-AC79-B36E98247DAF}.Release|Any CPU.Build.0 = Release|Any CPU
		{EB4BA4B5-22C0-4570-BBF3-B0657B6665C7}.Debug|Any CPU.ActiveCfg = Debug|Any CPU
		{EB4BA4B5-22C0-4570-BBF3-B0657B6665C7}.Debug|Any CPU.Build.0 = Debug|Any CPU
		{EB4BA4B5-22C0-4570-BBF3-B0657B6665C7}.Release|Any CPU.ActiveCfg = Release|Any CPU
		{EB4BA4B5-22C0-4570-BBF3-B0657B6665C7}.Release|Any CPU.Build.0 = Release|Any CPU
		{C7122E43-71B5-44AC-8B55-97959C336D88}.Debug|Any CPU.ActiveCfg = Debug|Any CPU
		{C7122E43-71B5-44AC-8B55-97959C336D88}.Debug|Any CPU.Build.0 = Debug|Any CPU
		{C7122E43-71B5-44AC-8B55-97959C336D88}.Release|Any CPU.ActiveCfg = Release|Any CPU
		{C7122E43-71B5-44AC-8B55-97959C336D88}.Release|Any CPU.Build.0 = Release|Any CPU
	EndGlobalSection
	GlobalSection(SolutionProperties) = preSolution
		HideSolutionNode = FALSE
	EndGlobalSection
	GlobalSection(ExtensibilityGlobals) = postSolution
		SolutionGuid = {FC6FBB16-5B19-49AC-9349-B6080B2B5787}
	EndGlobalSection
EndGlobal
